
Microsoft Visual Studio Solution File, Format Version 12.00
# Visual Studio 15
VisualStudioVersion = 15.0.27703.2018
MinimumVisualStudioVersion = 10.0.40219.1
Project("{FAE04EC0-301F-11D3-BF4B-00C04F79EFBC}") = "Accounting.UI", "Accounting.UI\Accounting.UI.csproj", "{6F60C7E1-45EF-40F8-93F1-839935722A70}"
EndProject
Project("{FAE04EC0-301F-11D3-BF4B-00C04F79EFBC}") = "Accounting.DataLayer", "Accounting.DataLayer\Accounting.DataLayer.csproj", "{82BEED5C-0A9D-4EBF-AC1E-79AC7AF5B4ED}"
EndProject
Project("{FAE04EC0-301F-11D3-BF4B-00C04F79EFBC}") = "Accounting.ViewModel", "Accounting.ViewModel\Accounting.ViewModel.csproj", "{5B621FA7-B62A-4AAD-887D-3924F52D7FD7}"
EndProject
Project("{FAE04EC0-301F-11D3-BF4B-00C04F79EFBC}") = "Accounting.BusinessLayer", "Accounting.BusinessLayer\Accounting.BusinessLayer.csproj", "{7C4894B2-2A12-4228-AAF4-5BC796C18528}"
EndProject
Project("{FAE04EC0-301F-11D3-BF4B-00C04F79EFBC}") = "Accounting.Utilities", "Accounting.Utilities\Accounting.Utilities.csproj", "{6F3658E9-ED39-4137-9AFF-0CA87F369EE9}"
EndProject
Global
	GlobalSection(SolutionConfigurationPlatforms) = preSolution
		Debug|Any CPU = Debug|Any CPU
		Release|Any CPU = Release|Any CPU
	EndGlobalSection
	GlobalSection(ProjectConfigurationPlatforms) = postSolution
		{6F60C7E1-45EF-40F8-93F1-839935722A70}.Debug|Any CPU.ActiveCfg = Debug|Any CPU
		{6F60C7E1-45EF-40F8-93F1-839935722A70}.Debug|Any CPU.Build.0 = Debug|Any CPU
		{6F60C7E1-45EF-40F8-93F1-839935722A70}.Release|Any CPU.ActiveCfg = Release|Any CPU
		{6F60C7E1-45EF-40F8-93F1-839935722A70}.Release|Any CPU.Build.0 = Release|Any CPU
		{82BEED5C-0A9D-4EBF-AC1E-79AC7AF5B4ED}.Debug|Any CPU.ActiveCfg = Debug|Any CPU
		{82BEED5C-0A9D-4EBF-AC1E-79AC7AF5B4ED}.Debug|Any CPU.Build.0 = Debug|Any CPU
		{82BEED5C-0A9D-4EBF-AC1E-79AC7AF5B4ED}.Release|Any CPU.ActiveCfg = Release|Any CPU
		{82BEED5C-0A9D-4EBF-AC1E-79AC7AF5B4ED}.Release|Any CPU.Build.0 = Release|Any CPU
		{5B621FA7-B62A-4AAD-887D-3924F52D7FD7}.Debug|Any CPU.ActiveCfg = Debug|Any CPU
		{5B621FA7-B62A-4AAD-887D-3924F52D7FD7}.Debug|Any CPU.Build.0 = Debug|Any CPU
		{5B621FA7-B62A-4AAD-887D-3924F52D7FD7}.Release|Any CPU.ActiveCfg = Release|Any CPU
		{5B621FA7-B62A-4AAD-887D-3924F52D7FD7}.Release|Any CPU.Build.0 = Release|Any CPU
		{7C4894B2-2A12-4228-AAF4-5BC796C18528}.Debug|Any CPU.ActiveCfg = Debug|Any CPU
		{7C4894B2-2A12-4228-AAF4-5BC796C18528}.Debug|Any CPU.Build.0 = Debug|Any CPU
		{7C4894B2-2A12-4228-AAF4-5BC796C18528}.Release|Any CPU.ActiveCfg = Release|Any CPU
		{7C4894B2-2A12-4228-AAF4-5BC796C18528}.Release|Any CPU.Build.0 = Release|Any CPU
		{6F3658E9-ED39-4137-9AFF-0CA87F369EE9}.Debug|Any CPU.ActiveCfg = Debug|Any CPU
		{6F3658E9-ED39-4137-9AFF-0CA87F369EE9}.Debug|Any CPU.Build.0 = Debug|Any CPU
		{6F3658E9-ED39-4137-9AFF-0CA87F369EE9}.Release|Any CPU.ActiveCfg = Release|Any CPU
		{6F3658E9-ED39-4137-9AFF-0CA87F369EE9}.Release|Any CPU.Build.0 = Release|Any CPU
	EndGlobalSection
	GlobalSection(SolutionProperties) = preSolution
		HideSolutionNode = FALSE
	EndGlobalSection
	GlobalSection(ExtensibilityGlobals) = postSolution
		SolutionGuid = {27B8D2CB-F992-412D-8EFB-59B39CBEC269}
	EndGlobalSection
EndGlobal
